<Solution>
  <Folder Name="/src/">
    <Project Path="src/AynThorManager.Api/AynThorManager.Api.csproj" />
    <Project Path="src/AynThorManager.Core/AynThorManager.Core.csproj" />
    <Project Path="src/AynThorManager.Infrastructure/AynThorManager.Infrastructure.csproj" />
    <Project Path="src/AynThorManager.Services/AynThorManager.Services.csproj" />
  </Folder>
  <Folder Name="/tests/">
    <Project Path="tests/AynThorManager.UnitTests/AynThorManager.UnitTests.csproj" />
    <Project Path="tests/AynThorManager.IntegrationTests/AynThorManager.IntegrationTests.csproj" />
  </Folder>
</Solution>
